
Microsoft Visual Studio Solution File, Format Version 12.00
# Visual Studio 15
Project("{FAE04EC0-301F-11D3-BF4B-00C04F79EFBC}") = "Assembly-CSharp", "Assembly-CSharp.csproj", "{1125BE77-D1DB-45E8-1434-E32C634A839F}"
EndProject
Global
	GlobalSection(SolutionConfigurationPlatforms) = preSolution
		Debug|Any CPU = Debug|Any CPU
		Release|Any CPU = Release|Any CPU
	EndGlobalSection
	GlobalSection(ProjectConfigurationPlatforms) = postSolution
		{1125BE77-D1DB-45E8-1434-E32C634A839F}.Debug|Any CPU.ActiveCfg = Debug|Any CPU
		{1125BE77-D1DB-45E8-1434-E32C634A839F}.Debug|Any CPU.Build.0 = Debug|Any CPU
		{1125BE77-D1DB-45E8-1434-E32C634A839F}.Release|Any CPU.ActiveCfg = Release|Any CPU
		{1125BE77-D1DB-45E8-1434-E32C634A839F}.Release|Any CPU.Build.0 = Release|Any CPU
	EndGlobalSection
	GlobalSection(SolutionProperties) = preSolution
		HideSolutionNode = FALSE
	EndGlobalSection
EndGlobal
